
Microsoft Visual Studio Solution File, Format Version 12.00
# Visual Studio Version 17
VisualStudioVersion = 17.5.33414.496
MinimumVisualStudioVersion = 10.0.40219.1
Project("{FAE04EC0-301F-11D3-BF4B-00C04F79EFBC}") = "COMApplication", "COMApplication\COMApplication.csproj", "{762F98C1-AEC9-46E6-A285-380FE145D674}"
EndProject
Project("{FAE04EC0-301F-11D3-BF4B-00C04F79EFBC}") = "COMLibrary", "COMLibrary\COMLibrary.csproj", "{1FB57DCE-B53E-4DEF-B108-58D1CA60E4D8}"
EndProject
Global
	GlobalSection(SolutionConfigurationPlatforms) = preSolution
		Debug|Any CPU = Debug|Any CPU
		Release|Any CPU = Release|Any CPU
	EndGlobalSection
	GlobalSection(ProjectConfigurationPlatforms) = postSolution
		{762F98C1-AEC9-46E6-A285-380FE145D674}.Debug|Any CPU.ActiveCfg = Debug|Any CPU
		{762F98C1-AEC9-46E6-A285-380FE145D674}.Debug|Any CPU.Build.0 = Debug|Any CPU
		{762F98C1-AEC9-46E6-A285-380FE145D674}.Release|Any CPU.ActiveCfg = Release|Any CPU
		{1FB57DCE-B53E-4DEF-B108-58D1CA60E4D8}.Debug|Any CPU.ActiveCfg = Debug|Any CPU
		{1FB57DCE-B53E-4DEF-B108-58D1CA60E4D8}.Debug|Any CPU.Build.0 = Debug|Any CPU
		{1FB57DCE-B53E-4DEF-B108-58D1CA60E4D8}.Release|Any CPU.ActiveCfg = Release|Any CPU
		{1FB57DCE-B53E-4DEF-B108-58D1CA60E4D8}.Release|Any CPU.Build.0 = Release|Any CPU
	EndGlobalSection
	GlobalSection(SolutionProperties) = preSolution
		HideSolutionNode = FALSE
	EndGlobalSection
	GlobalSection(ExtensibilityGlobals) = postSolution
		SolutionGuid = {EE372224-EB33-46E8-B5BF-95371C5B7615}
	EndGlobalSection
EndGlobal
