
Microsoft Visual Studio Solution File, Format Version 12.00
# Visual Studio Version 17
VisualStudioVersion = 17.5.33414.496
MinimumVisualStudioVersion = 10.0.40219.1
Project("{FAE04EC0-301F-11D3-BF4B-00C04F79EFBC}") = "CallDLL", "CallDLL\CallDLL.csproj", "{17760B8A-DBE7-49CE-842F-CD13F707C5B4}"
EndProject
Project("{8BC9CEB8-8B4A-11D0-8D11-00A0C91BC942}") = "CreateDLL", "CreateDLL\CreateDLL.vcxproj", "{35ED0415-9B47-4E85-AF4E-DB227888CCD0}"
EndProject
Global
	GlobalSection(SolutionConfigurationPlatforms) = preSolution
		Debug|Any CPU = Debug|Any CPU
		Debug|x64 = Debug|x64
		Debug|x86 = Debug|x86
		Release|Any CPU = Release|Any CPU
		Release|x64 = Release|x64
		Release|x86 = Release|x86
	EndGlobalSection
	GlobalSection(ProjectConfigurationPlatforms) = postSolution
		{17760B8A-DBE7-49CE-842F-CD13F707C5B4}.Debug|Any CPU.ActiveCfg = Debug|Any CPU
		{17760B8A-DBE7-49CE-842F-CD13F707C5B4}.Debug|Any CPU.Build.0 = Debug|Any CPU
		{17760B8A-DBE7-49CE-842F-CD13F707C5B4}.Debug|x64.ActiveCfg = Debug|Any CPU
		{17760B8A-DBE7-49CE-842F-CD13F707C5B4}.Debug|x64.Build.0 = Debug|Any CPU
		{17760B8A-DBE7-49CE-842F-CD13F707C5B4}.Debug|x86.ActiveCfg = Debug|Any CPU
		{17760B8A-DBE7-49CE-842F-CD13F707C5B4}.Debug|x86.Build.0 = Debug|Any CPU
		{17760B8A-DBE7-49CE-842F-CD13F707C5B4}.Release|Any CPU.ActiveCfg = Release|Any CPU
		{17760B8A-DBE7-49CE-842F-CD13F707C5B4}.Release|Any CPU.Build.0 = Release|Any CPU
		{17760B8A-DBE7-49CE-842F-CD13F707C5B4}.Release|x64.ActiveCfg = Release|Any CPU
		{17760B8A-DBE7-49CE-842F-CD13F707C5B4}.Release|x64.Build.0 = Release|Any CPU
		{17760B8A-DBE7-49CE-842F-CD13F707C5B4}.Release|x86.ActiveCfg = Release|Any CPU
		{17760B8A-DBE7-49CE-842F-CD13F707C5B4}.Release|x86.Build.0 = Release|Any CPU
		{35ED0415-9B47-4E85-AF4E-DB227888CCD0}.Debug|Any CPU.ActiveCfg = Debug|x64
		{35ED0415-9B47-4E85-AF4E-DB227888CCD0}.Debug|Any CPU.Build.0 = Debug|x64
		{35ED0415-9B47-4E85-AF4E-DB227888CCD0}.Debug|x64.ActiveCfg = Debug|x64
		{35ED0415-9B47-4E85-AF4E-DB227888CCD0}.Debug|x64.Build.0 = Debug|x64
		{35ED0415-9B47-4E85-AF4E-DB227888CCD0}.Debug|x86.ActiveCfg = Debug|Win32
		{35ED0415-9B47-4E85-AF4E-DB227888CCD0}.Debug|x86.Build.0 = Debug|Win32
		{35ED0415-9B47-4E85-AF4E-DB227888CCD0}.Release|Any CPU.ActiveCfg = Release|x64
		{35ED0415-9B47-4E85-AF4E-DB227888CCD0}.Release|Any CPU.Build.0 = Release|x64
		{35ED0415-9B47-4E85-AF4E-DB227888CCD0}.Release|x64.ActiveCfg = Release|x64
		{35ED0415-9B47-4E85-AF4E-DB227888CCD0}.Release|x64.Build.0 = Release|x64
		{35ED0415-9B47-4E85-AF4E-DB227888CCD0}.Release|x86.ActiveCfg = Release|Win32
		{35ED0415-9B47-4E85-AF4E-DB227888CCD0}.Release|x86.Build.0 = Release|Win32
	EndGlobalSection
	GlobalSection(SolutionProperties) = preSolution
		HideSolutionNode = FALSE
	EndGlobalSection
	GlobalSection(ExtensibilityGlobals) = postSolution
		SolutionGuid = {5E18BBAB-3CB7-40D4-92CA-6F8A94CA6D83}
	EndGlobalSection
EndGlobal
